// !$*UTF8*$!
{
	archiveVersion = 1;
	classes = {
	};
	objectVersion = 55;
	objects = {

/* Begin PBXBuildFile section */
		02527F6E27ED6DE900B61CC7 /* WordsCollectionViewController.swift in Sources */ = {isa = PBXBuildFile; fileRef = 02527F6D27ED6DE900B61CC7 /* WordsCollectionViewController.swift */; };
		0291833D27EA2C1400505E57 /* WordsBrain.swift in Sources */ = {isa = PBXBuildFile; fileRef = 0291833C27EA2C1400505E57 /* WordsBrain.swift */; };
		02FDB5D127E945810002CEE6 /* AppDelegate.swift in Sources */ = {isa = PBXBuildFile; fileRef = 02FDB5D027E945810002CEE6 /* AppDelegate.swift */; };
		02FDB5D327E945810002CEE6 /* SceneDelegate.swift in Sources */ = {isa = PBXBuildFile; fileRef = 02FDB5D227E945810002CEE6 /* SceneDelegate.swift */; };
		02FDB5D527E945810002CEE6 /* ViewController.swift in Sources */ = {isa = PBXBuildFile; fileRef = 02FDB5D427E945810002CEE6 /* ViewController.swift */; };
		02FDB5DA27E945830002CEE6 /* Assets.xcassets in Resources */ = {isa = PBXBuildFile; fileRef = 02FDB5D927E945830002CEE6 /* Assets.xcassets */; };
		02FDB5DD27E945830002CEE6 /* LaunchScreen.storyboard in Resources */ = {isa = PBXBuildFile; fileRef = 02FDB5DB27E945830002CEE6 /* LaunchScreen.storyboard */; };
		02FDB5EA27E94AD20002CEE6 /* Extensions.swift in Sources */ = {isa = PBXBuildFile; fileRef = 02FDB5E927E94AD20002CEE6 /* Extensions.swift */; };
		02FDB5EC27E94DAE0002CEE6 /* GameButton.swift in Sources */ = {isa = PBXBuildFile; fileRef = 02FDB5EB27E94DAE0002CEE6 /* GameButton.swift */; };
		B62CDDFE27EB0ED400C2AE10 /* QuestionModel.swift in Sources */ = {isa = PBXBuildFile; fileRef = B62CDDFD27EB0ED400C2AE10 /* QuestionModel.swift */; };
		B62CDE0027EB0EF100C2AE10 /* QuestionCathegoryModel.swift in Sources */ = {isa = PBXBuildFile; fileRef = B62CDDFF27EB0EF100C2AE10 /* QuestionCathegoryModel.swift */; };
		B62CDE0227EB0F2600C2AE10 /* CommandModel.swift in Sources */ = {isa = PBXBuildFile; fileRef = B62CDE0127EB0F2600C2AE10 /* CommandModel.swift */; };
		B62CDE0427EB0F3C00C2AE10 /* CommandsModel.swift in Sources */ = {isa = PBXBuildFile; fileRef = B62CDE0327EB0F3C00C2AE10 /* CommandsModel.swift */; };
		B62CDE0627EB0F6800C2AE10 /* JokesModel.swift in Sources */ = {isa = PBXBuildFile; fileRef = B62CDE0527EB0F6800C2AE10 /* JokesModel.swift */; };
		B62CDE0827EB0F8300C2AE10 /* NetworkManagerModel.swift in Sources */ = {isa = PBXBuildFile; fileRef = B62CDE0727EB0F8300C2AE10 /* NetworkManagerModel.swift */; };
		B62CDE0A27EB0FBF00C2AE10 /* TempViewHowItWorks.swift in Sources */ = {isa = PBXBuildFile; fileRef = B62CDE0927EB0FBF00C2AE10 /* TempViewHowItWorks.swift */; };
/* End PBXBuildFile section */

/* Begin PBXFileReference section */
		02527F6D27ED6DE900B61CC7 /* WordsCollectionViewController.swift */ = {isa = PBXFileReference; indentWidth = 4; lastKnownFileType = sourcecode.swift; path = WordsCollectionViewController.swift; sourceTree = "<group>"; tabWidth = 4; };
		0291833C27EA2C1400505E57 /* WordsBrain.swift */ = {isa = PBXFileReference; lastKnownFileType = sourcecode.swift; path = WordsBrain.swift; sourceTree = "<group>"; };
		02FDB5CD27E945810002CEE6 /* Words.app */ = {isa = PBXFileReference; explicitFileType = wrapper.application; includeInIndex = 0; path = Words.app; sourceTree = BUILT_PRODUCTS_DIR; };
		02FDB5D027E945810002CEE6 /* AppDelegate.swift */ = {isa = PBXFileReference; lastKnownFileType = sourcecode.swift; path = AppDelegate.swift; sourceTree = "<group>"; };
		02FDB5D227E945810002CEE6 /* SceneDelegate.swift */ = {isa = PBXFileReference; lastKnownFileType = sourcecode.swift; path = SceneDelegate.swift; sourceTree = "<group>"; };
		02FDB5D427E945810002CEE6 /* ViewController.swift */ = {isa = PBXFileReference; lastKnownFileType = sourcecode.swift; path = ViewController.swift; sourceTree = "<group>"; };
		02FDB5D927E945830002CEE6 /* Assets.xcassets */ = {isa = PBXFileReference; lastKnownFileType = folder.assetcatalog; path = Assets.xcassets; sourceTree = "<group>"; };
		02FDB5DC27E945830002CEE6 /* Base */ = {isa = PBXFileReference; lastKnownFileType = file.storyboard; name = Base; path = Base.lproj/LaunchScreen.storyboard; sourceTree = "<group>"; };
		02FDB5DE27E945830002CEE6 /* Info.plist */ = {isa = PBXFileReference; lastKnownFileType = text.plist.xml; path = Info.plist; sourceTree = "<group>"; };
		02FDB5E927E94AD20002CEE6 /* Extensions.swift */ = {isa = PBXFileReference; lastKnownFileType = sourcecode.swift; path = Extensions.swift; sourceTree = "<group>"; };
		02FDB5EB27E94DAE0002CEE6 /* GameButton.swift */ = {isa = PBXFileReference; lastKnownFileType = sourcecode.swift; path = GameButton.swift; sourceTree = "<group>"; };
		B62CDDFD27EB0ED400C2AE10 /* QuestionModel.swift */ = {isa = PBXFileReference; lastKnownFileType = sourcecode.swift; path = QuestionModel.swift; sourceTree = "<group>"; };
		B62CDDFF27EB0EF100C2AE10 /* QuestionCathegoryModel.swift */ = {isa = PBXFileReference; lastKnownFileType = sourcecode.swift; path = QuestionCathegoryModel.swift; sourceTree = "<group>"; };
		B62CDE0127EB0F2600C2AE10 /* CommandModel.swift */ = {isa = PBXFileReference; lastKnownFileType = sourcecode.swift; path = CommandModel.swift; sourceTree = "<group>"; };
		B62CDE0327EB0F3C00C2AE10 /* CommandsModel.swift */ = {isa = PBXFileReference; lastKnownFileType = sourcecode.swift; path = CommandsModel.swift; sourceTree = "<group>"; };
		B62CDE0527EB0F6800C2AE10 /* JokesModel.swift */ = {isa = PBXFileReference; lastKnownFileType = sourcecode.swift; path = JokesModel.swift; sourceTree = "<group>"; };
		B62CDE0727EB0F8300C2AE10 /* NetworkManagerModel.swift */ = {isa = PBXFileReference; lastKnownFileType = sourcecode.swift; path = NetworkManagerModel.swift; sourceTree = "<group>"; };
		B62CDE0927EB0FBF00C2AE10 /* TempViewHowItWorks.swift */ = {isa = PBXFileReference; lastKnownFileType = sourcecode.swift; path = TempViewHowItWorks.swift; sourceTree = "<group>"; };
/* End PBXFileReference section */

/* Begin PBXFrameworksBuildPhase section */
		02FDB5CA27E945810002CEE6 /* Frameworks */ = {
			isa = PBXFrameworksBuildPhase;
			buildActionMask = 2147483647;
			files = (
			);
			runOnlyForDeploymentPostprocessing = 0;
		};
/* End PBXFrameworksBuildPhase section */

/* Begin PBXGroup section */
		02FDB5C427E945810002CEE6 = {
			isa = PBXGroup;
			children = (
				02FDB5CF27E945810002CEE6 /* Words */,
				02FDB5CE27E945810002CEE6 /* Products */,
			);
			sourceTree = "<group>";
		};
		02FDB5CE27E945810002CEE6 /* Products */ = {
			isa = PBXGroup;
			children = (
				02FDB5CD27E945810002CEE6 /* Words.app */,
			);
			name = Products;
			sourceTree = "<group>";
		};
		02FDB5CF27E945810002CEE6 /* Words */ = {
			isa = PBXGroup;
			children = (
				02FDB5E427E947A20002CEE6 /* Apps */,
				02FDB5E627E947BE0002CEE6 /* Models */,
				02FDB5E727E947C60002CEE6 /* Views */,
				02FDB5E527E947AF0002CEE6 /* Controllers */,
				02FDB5E827E947CE0002CEE6 /* Utilities */,
				02FDB5D927E945830002CEE6 /* Assets.xcassets */,
				02FDB5DB27E945830002CEE6 /* LaunchScreen.storyboard */,
				02FDB5DE27E945830002CEE6 /* Info.plist */,
			);
			path = Words;
			sourceTree = "<group>";
		};
		02FDB5E427E947A20002CEE6 /* Apps */ = {
			isa = PBXGroup;
			children = (
				02FDB5D027E945810002CEE6 /* AppDelegate.swift */,
				02FDB5D227E945810002CEE6 /* SceneDelegate.swift */,
			);
			path = Apps;
			sourceTree = "<group>";
		};
		02FDB5E527E947AF0002CEE6 /* Controllers */ = {
			isa = PBXGroup;
			children = (
				02FDB5D427E945810002CEE6 /* ViewController.swift */,
				02527F6D27ED6DE900B61CC7 /* WordsCollectionViewController.swift */,
			);
			path = Controllers;
			sourceTree = "<group>";
		};
		02FDB5E627E947BE0002CEE6 /* Models */ = {
			isa = PBXGroup;
			children = (
				0291833C27EA2C1400505E57 /* WordsBrain.swift */,
				B62CDDFD27EB0ED400C2AE10 /* QuestionModel.swift */,
				B62CDDFF27EB0EF100C2AE10 /* QuestionCathegoryModel.swift */,
				B62CDE0127EB0F2600C2AE10 /* CommandModel.swift */,
				B62CDE0327EB0F3C00C2AE10 /* CommandsModel.swift */,
				B62CDE0527EB0F6800C2AE10 /* JokesModel.swift */,
				B62CDE0727EB0F8300C2AE10 /* NetworkManagerModel.swift */,
			);
			path = Models;
			sourceTree = "<group>";
		};
		02FDB5E727E947C60002CEE6 /* Views */ = {
			isa = PBXGroup;
			children = (
				02FDB5EB27E94DAE0002CEE6 /* GameButton.swift */,
				B62CDE0927EB0FBF00C2AE10 /* TempViewHowItWorks.swift */,
			);
			path = Views;
			sourceTree = "<group>";
		};
		02FDB5E827E947CE0002CEE6 /* Utilities */ = {
			isa = PBXGroup;
			children = (
				02FDB5E927E94AD20002CEE6 /* Extensions.swift */,
			);
			path = Utilities;
			sourceTree = "<group>";
		};
/* End PBXGroup section */

/* Begin PBXNativeTarget section */
		02FDB5CC27E945810002CEE6 /* Words */ = {
			isa = PBXNativeTarget;
			buildConfigurationList = 02FDB5E127E945830002CEE6 /* Build configuration list for PBXNativeTarget "Words" */;
			buildPhases = (
				02FDB5C927E945810002CEE6 /* Sources */,
				02FDB5CA27E945810002CEE6 /* Frameworks */,
				02FDB5CB27E945810002CEE6 /* Resources */,
			);
			buildRules = (
			);
			dependencies = (
			);
			name = Words;
			productName = Words;
			productReference = 02FDB5CD27E945810002CEE6 /* Words.app */;
			productType = "com.apple.product-type.application";
		};
/* End PBXNativeTarget section */

/* Begin PBXProject section */
		02FDB5C527E945810002CEE6 /* Project object */ = {
			isa = PBXProject;
			attributes = {
				BuildIndependentTargetsInParallel = 1;
				LastSwiftUpdateCheck = 1330;
				LastUpgradeCheck = 1330;
				TargetAttributes = {
					02FDB5CC27E945810002CEE6 = {
						CreatedOnToolsVersion = 13.3;
					};
				};
			};
			buildConfigurationList = 02FDB5C827E945810002CEE6 /* Build configuration list for PBXProject "Words" */;
			compatibilityVersion = "Xcode 13.0";
			developmentRegion = en;
			hasScannedForEncodings = 0;
			knownRegions = (
				en,
				Base,
			);
			mainGroup = 02FDB5C427E945810002CEE6;
			productRefGroup = 02FDB5CE27E945810002CEE6 /* Products */;
			projectDirPath = "";
			projectRoot = "";
			targets = (
				02FDB5CC27E945810002CEE6 /* Words */,
			);
		};
/* End PBXProject section */

/* Begin PBXResourcesBuildPhase section */
		02FDB5CB27E945810002CEE6 /* Resources */ = {
			isa = PBXResourcesBuildPhase;
			buildActionMask = 2147483647;
			files = (
				02FDB5DD27E945830002CEE6 /* LaunchScreen.storyboard in Resources */,
				02FDB5DA27E945830002CEE6 /* Assets.xcassets in Resources */,
			);
			runOnlyForDeploymentPostprocessing = 0;
		};
/* End PBXResourcesBuildPhase section */

/* Begin PBXSourcesBuildPhase section */
		02FDB5C927E945810002CEE6 /* Sources */ = {
			isa = PBXSourcesBuildPhase;
			buildActionMask = 2147483647;
			files = (
				02527F6E27ED6DE900B61CC7 /* WordsCollectionViewController.swift in Sources */,
				B62CDDFE27EB0ED400C2AE10 /* QuestionModel.swift in Sources */,
				B62CDE0627EB0F6800C2AE10 /* JokesModel.swift in Sources */,
				0291833D27EA2C1400505E57 /* WordsBrain.swift in Sources */,
				B62CDE0A27EB0FBF00C2AE10 /* TempViewHowItWorks.swift in Sources */,
				02FDB5D527E945810002CEE6 /* ViewController.swift in Sources */,
				B62CDE0427EB0F3C00C2AE10 /* CommandsModel.swift in Sources */,
				02FDB5D127E945810002CEE6 /* AppDelegate.swift in Sources */,
				B62CDE0827EB0F8300C2AE10 /* NetworkManagerModel.swift in Sources */,
				02FDB5D327E945810002CEE6 /* SceneDelegate.swift in Sources */,
				B62CDE0227EB0F2600C2AE10 /* CommandModel.swift in Sources */,
				02FDB5EA27E94AD20002CEE6 /* Extensions.swift in Sources */,
				B62CDE0027EB0EF100C2AE10 /* QuestionCathegoryModel.swift in Sources */,
				02FDB5EC27E94DAE0002CEE6 /* GameButton.swift in Sources */,
			);
			runOnlyForDeploymentPostprocessing = 0;
		};
/* End PBXSourcesBuildPhase section */

/* Begin PBXVariantGroup section */
		02FDB5DB27E945830002CEE6 /* LaunchScreen.storyboard */ = {
			isa = PBXVariantGroup;
			children = (
				02FDB5DC27E945830002CEE6 /* Base */,
			);
			name = LaunchScreen.storyboard;
			sourceTree = "<group>";
		};
/* End PBXVariantGroup section */

/* Begin XCBuildConfiguration section */
		02FDB5DF27E945830002CEE6 /* Debug */ = {
			isa = XCBuildConfiguration;
			buildSettings = {
				ALWAYS_SEARCH_USER_PATHS = NO;
				CLANG_ANALYZER_NONNULL = YES;
				CLANG_ANALYZER_NUMBER_OBJECT_CONVERSION = YES_AGGRESSIVE;
				CLANG_CXX_LANGUAGE_STANDARD = "gnu++17";
				CLANG_ENABLE_MODULES = YES;
				CLANG_ENABLE_OBJC_ARC = YES;
				CLANG_ENABLE_OBJC_WEAK = YES;
				CLANG_WARN_BLOCK_CAPTURE_AUTORELEASING = YES;
				CLANG_WARN_BOOL_CONVERSION = YES;
				CLANG_WARN_COMMA = YES;
				CLANG_WARN_CONSTANT_CONVERSION = YES;
				CLANG_WARN_DEPRECATED_OBJC_IMPLEMENTATIONS = YES;
				CLANG_WARN_DIRECT_OBJC_ISA_USAGE = YES_ERROR;
				CLANG_WARN_DOCUMENTATION_COMMENTS = YES;
				CLANG_WARN_EMPTY_BODY = YES;
				CLANG_WARN_ENUM_CONVERSION = YES;
				CLANG_WARN_INFINITE_RECURSION = YES;
				CLANG_WARN_INT_CONVERSION = YES;
				CLANG_WARN_NON_LITERAL_NULL_CONVERSION = YES;
				CLANG_WARN_OBJC_IMPLICIT_RETAIN_SELF = YES;
				CLANG_WARN_OBJC_LITERAL_CONVERSION = YES;
				CLANG_WARN_OBJC_ROOT_CLASS = YES_ERROR;
				CLANG_WARN_QUOTED_INCLUDE_IN_FRAMEWORK_HEADER = YES;
				CLANG_WARN_RANGE_LOOP_ANALYSIS = YES;
				CLANG_WARN_STRICT_PROTOTYPES = YES;
				CLANG_WARN_SUSPICIOUS_MOVE = YES;
				CLANG_WARN_UNGUARDED_AVAILABILITY = YES_AGGRESSIVE;
				CLANG_WARN_UNREACHABLE_CODE = YES;
				CLANG_WARN__DUPLICATE_METHOD_MATCH = YES;
				COPY_PHASE_STRIP = NO;
				DEBUG_INFORMATION_FORMAT = dwarf;
				ENABLE_STRICT_OBJC_MSGSEND = YES;
				ENABLE_TESTABILITY = YES;
				GCC_C_LANGUAGE_STANDARD = gnu11;
				GCC_DYNAMIC_NO_PIC = NO;
				GCC_NO_COMMON_BLOCKS = YES;
				GCC_OPTIMIZATION_LEVEL = 0;
				GCC_PREPROCESSOR_DEFINITIONS = (
					"DEBUG=1",
					"$(inherited)",
				);
				GCC_WARN_64_TO_32_BIT_CONVERSION = YES;
				GCC_WARN_ABOUT_RETURN_TYPE = YES_ERROR;
				GCC_WARN_UNDECLARED_SELECTOR = YES;
				GCC_WARN_UNINITIALIZED_AUTOS = YES_AGGRESSIVE;
				GCC_WARN_UNUSED_FUNCTION = YES;
				GCC_WARN_UNUSED_VARIABLE = YES;
				IPHONEOS_DEPLOYMENT_TARGET = 15.4;
				MTL_ENABLE_DEBUG_INFO = INCLUDE_SOURCE;
				MTL_FAST_MATH = YES;
				ONLY_ACTIVE_ARCH = YES;
				SDKROOT = iphoneos;
				SWIFT_ACTIVE_COMPILATION_CONDITIONS = DEBUG;
				SWIFT_OPTIMIZATION_LEVEL = "-Onone";
			};
			name = Debug;
		};
		02FDB5E027E945830002CEE6 /* Release */ = {
			isa = XCBuildConfiguration;
			buildSettings = {
				ALWAYS_SEARCH_USER_PATHS = NO;
				CLANG_ANALYZER_NONNULL = YES;
				CLANG_ANALYZER_NUMBER_OBJECT_CONVERSION = YES_AGGRESSIVE;
				CLANG_CXX_LANGUAGE_STANDARD = "gnu++17";
				CLANG_ENABLE_MODULES = YES;
				CLANG_ENABLE_OBJC_ARC = YES;
				CLANG_ENABLE_OBJC_WEAK = YES;
				CLANG_WARN_BLOCK_CAPTURE_AUTORELEASING = YES;
				CLANG_WARN_BOOL_CONVERSION = YES;
				CLANG_WARN_COMMA = YES;
				CLANG_WARN_CONSTANT_CONVERSION = YES;
				CLANG_WARN_DEPRECATED_OBJC_IMPLEMENTATIONS = YES;
				CLANG_WARN_DIRECT_OBJC_ISA_USAGE = YES_ERROR;
				CLANG_WARN_DOCUMENTATION_COMMENTS = YES;
				CLANG_WARN_EMPTY_BODY = YES;
				CLANG_WARN_ENUM_CONVERSION = YES;
				CLANG_WARN_INFINITE_RECURSION = YES;
				CLANG_WARN_INT_CONVERSION = YES;
				CLANG_WARN_NON_LITERAL_NULL_CONVERSION = YES;
				CLANG_WARN_OBJC_IMPLICIT_RETAIN_SELF = YES;
				CLANG_WARN_OBJC_LITERAL_CONVERSION = YES;
				CLANG_WARN_OBJC_ROOT_CLASS = YES_ERROR;
				CLANG_WARN_QUOTED_INCLUDE_IN_FRAMEWORK_HEADER = YES;
				CLANG_WARN_RANGE_LOOP_ANALYSIS = YES;
				CLANG_WARN_STRICT_PROTOTYPES = YES;
				CLANG_WARN_SUSPICIOUS_MOVE = YES;
				CLANG_WARN_UNGUARDED_AVAILABILITY = YES_AGGRESSIVE;
				CLANG_WARN_UNREACHABLE_CODE = YES;
				CLANG_WARN__DUPLICATE_METHOD_MATCH = YES;
				COPY_PHASE_STRIP = NO;
				DEBUG_INFORMATION_FORMAT = "dwarf-with-dsym";
				ENABLE_NS_ASSERTIONS = NO;
				ENABLE_STRICT_OBJC_MSGSEND = YES;
				GCC_C_LANGUAGE_STANDARD = gnu11;
				GCC_NO_COMMON_BLOCKS = YES;
				GCC_WARN_64_TO_32_BIT_CONVERSION = YES;
				GCC_WARN_ABOUT_RETURN_TYPE = YES_ERROR;
				GCC_WARN_UNDECLARED_SELECTOR = YES;
				GCC_WARN_UNINITIALIZED_AUTOS = YES_AGGRESSIVE;
				GCC_WARN_UNUSED_FUNCTION = YES;
				GCC_WARN_UNUSED_VARIABLE = YES;
				IPHONEOS_DEPLOYMENT_TARGET = 15.4;
				MTL_ENABLE_DEBUG_INFO = NO;
				MTL_FAST_MATH = YES;
				SDKROOT = iphoneos;
				SWIFT_COMPILATION_MODE = wholemodule;
				SWIFT_OPTIMIZATION_LEVEL = "-O";
				VALIDATE_PRODUCT = YES;
			};
			name = Release;
		};
		02FDB5E227E945830002CEE6 /* Debug */ = {
			isa = XCBuildConfiguration;
			buildSettings = {
				ASSETCATALOG_COMPILER_APPICON_NAME = AppIcon;
				ASSETCATALOG_COMPILER_GLOBAL_ACCENT_COLOR_NAME = AccentColor;
				CODE_SIGN_STYLE = Automatic;
				CURRENT_PROJECT_VERSION = 5;
				DEVELOPMENT_TEAM = 723HTEFHBA;
				GENERATE_INFOPLIST_FILE = YES;
				INFOPLIST_FILE = Words/Info.plist;
				INFOPLIST_KEY_UIApplicationSupportsIndirectInputEvents = YES;
				INFOPLIST_KEY_UILaunchStoryboardName = LaunchScreen;
				INFOPLIST_KEY_UISupportedInterfaceOrientations = UIInterfaceOrientationPortrait;
				INFOPLIST_KEY_UISupportedInterfaceOrientations_iPad = "UIInterfaceOrientationPortrait UIInterfaceOrientationPortraitUpsideDown UIInterfaceOrientationLandscapeLeft UIInterfaceOrientationLandscapeRight";
				INFOPLIST_KEY_UISupportedInterfaceOrientations_iPhone = UIInterfaceOrientationPortrait;
				INFOPLIST_KEY_UIUserInterfaceStyle = Light;
				IPHONEOS_DEPLOYMENT_TARGET = 13.0;
				LD_RUNPATH_SEARCH_PATHS = (
					"$(inherited)",
					"@executable_path/Frameworks",
				);
				MARKETING_VERSION = 0.1.5;
				PRODUCT_BUNDLE_IDENTIFIER = ru.ilines.nsu.Words;
				PRODUCT_NAME = "$(TARGET_NAME)";
				SWIFT_EMIT_LOC_STRINGS = YES;
				SWIFT_VERSION = 5.0;
				TARGETED_DEVICE_FAMILY = "1,2";
			};
			name = Debug;
		};
		02FDB5E327E945830002CEE6 /* Release */ = {
			isa = XCBuildConfiguration;
			buildSettings = {
				ASSETCATALOG_COMPILER_APPICON_NAME = AppIcon;
				ASSETCATALOG_COMPILER_GLOBAL_ACCENT_COLOR_NAME = AccentColor;
				CODE_SIGN_STYLE = Automatic;
				CURRENT_PROJECT_VERSION = 5;
				DEVELOPMENT_TEAM = 723HTEFHBA;
				GENERATE_INFOPLIST_FILE = YES;
				INFOPLIST_FILE = Words/Info.plist;
				INFOPLIST_KEY_UIApplicationSupportsIndirectInputEvents = YES;
				INFOPLIST_KEY_UILaunchStoryboardName = LaunchScreen;
				INFOPLIST_KEY_UISupportedInterfaceOrientations = UIInterfaceOrientationPortrait;
				INFOPLIST_KEY_UISupportedInterfaceOrientations_iPad = "UIInterfaceOrientationPortrait UIInterfaceOrientationPortraitUpsideDown UIInterfaceOrientationLandscapeLeft UIInterfaceOrientationLandscapeRight";
				INFOPLIST_KEY_UISupportedInterfaceOrientations_iPhone = UIInterfaceOrientationPortrait;
				INFOPLIST_KEY_UIUserInterfaceStyle = Light;
				IPHONEOS_DEPLOYMENT_TARGET = 13.0;
				LD_RUNPATH_SEARCH_PATHS = (
					"$(inherited)",
					"@executable_path/Frameworks",
				);
				MARKETING_VERSION = 0.1.5;
				PRODUCT_BUNDLE_IDENTIFIER = ru.ilines.nsu.Words;
				PRODUCT_NAME = "$(TARGET_NAME)";
				SWIFT_EMIT_LOC_STRINGS = YES;
				SWIFT_VERSION = 5.0;
				TARGETED_DEVICE_FAMILY = "1,2";
			};
			name = Release;
		};
/* End XCBuildConfiguration section */

/* Begin XCConfigurationList section */
		02FDB5C827E945810002CEE6 /* Build configuration list for PBXProject "Words" */ = {
			isa = XCConfigurationList;
			buildConfigurations = (
				02FDB5DF27E945830002CEE6 /* Debug */,
				02FDB5E027E945830002CEE6 /* Release */,
			);
			defaultConfigurationIsVisible = 0;
			defaultConfigurationName = Release;
		};
		02FDB5E127E945830002CEE6 /* Build configuration list for PBXNativeTarget "Words" */ = {
			isa = XCConfigurationList;
			buildConfigurations = (
				02FDB5E227E945830002CEE6 /* Debug */,
				02FDB5E327E945830002CEE6 /* Release */,
			);
			defaultConfigurationIsVisible = 0;
			defaultConfigurationName = Release;
		};
/* End XCConfigurationList section */
	};
	rootObject = 02FDB5C527E945810002CEE6 /* Project object */;
}
